
Microsoft Visual Studio Solution File, Format Version 12.00
# Visual Studio 15
VisualStudioVersion = 15.0.27703.2026
MinimumVisualStudioVersion = 10.0.40219.1
Project("{9A19103F-16F7-4668-BE54-9A1E7A4F7556}") = "Diplomatic", "Diplomatic\Diplomatic.csproj", "{CDB8B215-5C59-4F03-A016-E3C7A8DEABCC}"
EndProject
Project("{FAE04EC0-301F-11D3-BF4B-00C04F79EFBC}") = "Diplomatic.Android", "Diplomatic.Android\Diplomatic.Android.csproj", "{86FD3DB4-B1E4-4FDF-9442-01A9ADC6FAB7}"
EndProject
Project("{FAE04EC0-301F-11D3-BF4B-00C04F79EFBC}") = "Diplomatic.iOS", "Diplomatic.iOS\Diplomatic.iOS.csproj", "{EE7E1D42-0BF7-4A64-A8CF-29014B444061}"
EndProject
Project("{FAE04EC0-301F-11D3-BF4B-00C04F79EFBC}") = "Diplomatic.UWP", "Diplomatic.UWP\Diplomatic.UWP.csproj", "{6348E6AE-C850-41C2-9FBD-E4A70C56D341}"
	ProjectSection(ProjectDependencies) = postProject
		{CDB8B215-5C59-4F03-A016-E3C7A8DEABCC} = {CDB8B215-5C59-4F03-A016-E3C7A8DEABCC}
	EndProjectSection
EndProject
Project("{FAE04EC0-301F-11D3-BF4B-00C04F79EFBC}") = "Diplomatic.UITests", "Diplomatic.UITests\Diplomatic.UITests.csproj", "{B19C892E-2628-4CA7-AD27-08D406A3B14B}"
	ProjectSection(ProjectDependencies) = postProject
		{86FD3DB4-B1E4-4FDF-9442-01A9ADC6FAB7} = {86FD3DB4-B1E4-4FDF-9442-01A9ADC6FAB7}
	EndProjectSection
EndProject
Project("{FAE04EC0-301F-11D3-BF4B-00C04F79EFBC}") = "Diplomatic.Tests", "Diplomatic.Tests\Diplomatic.Tests.csproj", "{A9334B6C-C495-497C-87D0-23D2DADF3414}"
EndProject
Project("{FAE04EC0-301F-11D3-BF4B-00C04F79EFBC}") = "Diplomatic.Core", "Diplomatic.Core\Diplomatic.Core.csproj", "{2E27E94F-BF09-40DB-B624-5447A96204B6}"
EndProject
Project("{2150E333-8FDC-42A3-9474-1A3956D46DE8}") = "Solution Items", "Solution Items", "{686AB511-C479-4B86-95B3-BFADA268F7D9}"
	ProjectSection(SolutionItems) = preProject
		.editorconfig = .editorconfig
		build.cake = build.cake
		build.ps1 = build.ps1
		build.sh = build.sh
		README.md = README.md
	EndProjectSection
EndProject
Global
	GlobalSection(SolutionConfigurationPlatforms) = preSolution
		Ad-Hoc|Any CPU = Ad-Hoc|Any CPU
		Ad-Hoc|ARM = Ad-Hoc|ARM
		Ad-Hoc|iPhone = Ad-Hoc|iPhone
		Ad-Hoc|iPhoneSimulator = Ad-Hoc|iPhoneSimulator
		Ad-Hoc|x64 = Ad-Hoc|x64
		Ad-Hoc|x86 = Ad-Hoc|x86
		AppStore|Any CPU = AppStore|Any CPU
		AppStore|ARM = AppStore|ARM
		AppStore|iPhone = AppStore|iPhone
		AppStore|iPhoneSimulator = AppStore|iPhoneSimulator
		AppStore|x64 = AppStore|x64
		AppStore|x86 = AppStore|x86
		Debug|Any CPU = Debug|Any CPU
		Debug|ARM = Debug|ARM
		Debug|iPhone = Debug|iPhone
		Debug|iPhoneSimulator = Debug|iPhoneSimulator
		Debug|x64 = Debug|x64
		Debug|x86 = Debug|x86
		Release|Any CPU = Release|Any CPU
		Release|ARM = Release|ARM
		Release|iPhone = Release|iPhone
		Release|iPhoneSimulator = Release|iPhoneSimulator
		Release|x64 = Release|x64
		Release|x86 = Release|x86
	EndGlobalSection
	GlobalSection(ProjectConfigurationPlatforms) = postSolution
		{CDB8B215-5C59-4F03-A016-E3C7A8DEABCC}.Ad-Hoc|Any CPU.ActiveCfg = Debug|Any CPU
		{CDB8B215-5C59-4F03-A016-E3C7A8DEABCC}.Ad-Hoc|Any CPU.Build.0 = Debug|Any CPU
		{CDB8B215-5C59-4F03-A016-E3C7A8DEABCC}.Ad-Hoc|ARM.ActiveCfg = Debug|Any CPU
		{CDB8B215-5C59-4F03-A016-E3C7A8DEABCC}.Ad-Hoc|ARM.Build.0 = Debug|Any CPU
		{CDB8B215-5C59-4F03-A016-E3C7A8DEABCC}.Ad-Hoc|iPhone.ActiveCfg = Debug|Any CPU
		{CDB8B215-5C59-4F03-A016-E3C7A8DEABCC}.Ad-Hoc|iPhone.Build.0 = Debug|Any CPU
		{CDB8B215-5C59-4F03-A016-E3C7A8DEABCC}.Ad-Hoc|iPhoneSimulator.ActiveCfg = Debug|Any CPU
		{CDB8B215-5C59-4F03-A016-E3C7A8DEABCC}.Ad-Hoc|iPhoneSimulator.Build.0 = Debug|Any CPU
		{CDB8B215-5C59-4F03-A016-E3C7A8DEABCC}.Ad-Hoc|x64.ActiveCfg = Debug|Any CPU
		{CDB8B215-5C59-4F03-A016-E3C7A8DEABCC}.Ad-Hoc|x64.Build.0 = Debug|Any CPU
		{CDB8B215-5C59-4F03-A016-E3C7A8DEABCC}.Ad-Hoc|x86.ActiveCfg = Debug|Any CPU
		{CDB8B215-5C59-4F03-A016-E3C7A8DEABCC}.Ad-Hoc|x86.Build.0 = Debug|Any CPU
		{CDB8B215-5C59-4F03-A016-E3C7A8DEABCC}.AppStore|Any CPU.ActiveCfg = Debug|Any CPU
		{CDB8B215-5C59-4F03-A016-E3C7A8DEABCC}.AppStore|Any CPU.Build.0 = Debug|Any CPU
		{CDB8B215-5C59-4F03-A016-E3C7A8DEABCC}.AppStore|ARM.ActiveCfg = Debug|Any CPU
		{CDB8B215-5C59-4F03-A016-E3C7A8DEABCC}.AppStore|ARM.Build.0 = Debug|Any CPU
		{CDB8B215-5C59-4F03-A016-E3C7A8DEABCC}.AppStore|iPhone.ActiveCfg = Debug|Any CPU
		{CDB8B215-5C59-4F03-A016-E3C7A8DEABCC}.AppStore|iPhone.Build.0 = Debug|Any CPU
		{CDB8B215-5C59-4F03-A016-E3C7A8DEABCC}.AppStore|iPhoneSimulator.ActiveCfg = Debug|Any CPU
		{CDB8B215-5C59-4F03-A016-E3C7A8DEABCC}.AppStore|iPhoneSimulator.Build.0 = Debug|Any CPU
		{CDB8B215-5C59-4F03-A016-E3C7A8DEABCC}.AppStore|x64.ActiveCfg = Debug|Any CPU
		{CDB8B215-5C59-4F03-A016-E3C7A8DEABCC}.AppStore|x64.Build.0 = Debug|Any CPU
		{CDB8B215-5C59-4F03-A016-E3C7A8DEABCC}.AppStore|x86.ActiveCfg = Debug|Any CPU
		{CDB8B215-5C59-4F03-A016-E3C7A8DEABCC}.AppStore|x86.Build.0 = Debug|Any CPU
		{CDB8B215-5C59-4F03-A016-E3C7A8DEABCC}.Debug|Any CPU.ActiveCfg = Debug|Any CPU
		{CDB8B215-5C59-4F03-A016-E3C7A8DEABCC}.Debug|Any CPU.Build.0 = Debug|Any CPU
		{CDB8B215-5C59-4F03-A016-E3C7A8DEABCC}.Debug|ARM.ActiveCfg = Debug|Any CPU
		{CDB8B215-5C59-4F03-A016-E3C7A8DEABCC}.Debug|ARM.Build.0 = Debug|Any CPU
		{CDB8B215-5C59-4F03-A016-E3C7A8DEABCC}.Debug|iPhone.ActiveCfg = Debug|Any CPU
		{CDB8B215-5C59-4F03-A016-E3C7A8DEABCC}.Debug|iPhone.Build.0 = Debug|Any CPU
		{CDB8B215-5C59-4F03-A016-E3C7A8DEABCC}.Debug|iPhoneSimulator.ActiveCfg = Debug|Any CPU
		{CDB8B215-5C59-4F03-A016-E3C7A8DEABCC}.Debug|iPhoneSimulator.Build.0 = Debug|Any CPU
		{CDB8B215-5C59-4F03-A016-E3C7A8DEABCC}.Debug|x64.ActiveCfg = Debug|Any CPU
		{CDB8B215-5C59-4F03-A016-E3C7A8DEABCC}.Debug|x64.Build.0 = Debug|Any CPU
		{CDB8B215-5C59-4F03-A016-E3C7A8DEABCC}.Debug|x86.ActiveCfg = Debug|Any CPU
		{CDB8B215-5C59-4F03-A016-E3C7A8DEABCC}.Debug|x86.Build.0 = Debug|Any CPU
		{CDB8B215-5C59-4F03-A016-E3C7A8DEABCC}.Release|Any CPU.ActiveCfg = Release|Any CPU
		{CDB8B215-5C59-4F03-A016-E3C7A8DEABCC}.Release|Any CPU.Build.0 = Release|Any CPU
		{CDB8B215-5C59-4F03-A016-E3C7A8DEABCC}.Release|ARM.ActiveCfg = Release|Any CPU
		{CDB8B215-5C59-4F03-A016-E3C7A8DEABCC}.Release|ARM.Build.0 = Release|Any CPU
		{CDB8B215-5C59-4F03-A016-E3C7A8DEABCC}.Release|iPhone.ActiveCfg = Release|Any CPU
		{CDB8B215-5C59-4F03-A016-E3C7A8DEABCC}.Release|iPhone.Build.0 = Release|Any CPU
		{CDB8B215-5C59-4F03-A016-E3C7A8DEABCC}.Release|iPhoneSimulator.ActiveCfg = Release|Any CPU
		{CDB8B215-5C59-4F03-A016-E3C7A8DEABCC}.Release|iPhoneSimulator.Build.0 = Release|Any CPU
		{CDB8B215-5C59-4F03-A016-E3C7A8DEABCC}.Release|x64.ActiveCfg = Release|Any CPU
		{CDB8B215-5C59-4F03-A016-E3C7A8DEABCC}.Release|x64.Build.0 = Release|Any CPU
		{CDB8B215-5C59-4F03-A016-E3C7A8DEABCC}.Release|x86.ActiveCfg = Release|Any CPU
		{CDB8B215-5C59-4F03-A016-E3C7A8DEABCC}.Release|x86.Build.0 = Release|Any CPU
		{86FD3DB4-B1E4-4FDF-9442-01A9ADC6FAB7}.Ad-Hoc|Any CPU.ActiveCfg = Release|Any CPU
		{86FD3DB4-B1E4-4FDF-9442-01A9ADC6FAB7}.Ad-Hoc|Any CPU.Build.0 = Release|Any CPU
		{86FD3DB4-B1E4-4FDF-9442-01A9ADC6FAB7}.Ad-Hoc|Any CPU.Deploy.0 = Release|Any CPU
		{86FD3DB4-B1E4-4FDF-9442-01A9ADC6FAB7}.Ad-Hoc|ARM.ActiveCfg = Release|Any CPU
		{86FD3DB4-B1E4-4FDF-9442-01A9ADC6FAB7}.Ad-Hoc|ARM.Build.0 = Release|Any CPU
		{86FD3DB4-B1E4-4FDF-9442-01A9ADC6FAB7}.Ad-Hoc|ARM.Deploy.0 = Release|Any CPU
		{86FD3DB4-B1E4-4FDF-9442-01A9ADC6FAB7}.Ad-Hoc|iPhone.ActiveCfg = Release|Any CPU
		{86FD3DB4-B1E4-4FDF-9442-01A9ADC6FAB7}.Ad-Hoc|iPhone.Build.0 = Release|Any CPU
		{86FD3DB4-B1E4-4FDF-9442-01A9ADC6FAB7}.Ad-Hoc|iPhone.Deploy.0 = Release|Any CPU
		{86FD3DB4-B1E4-4FDF-9442-01A9ADC6FAB7}.Ad-Hoc|iPhoneSimulator.ActiveCfg = Release|Any CPU
		{86FD3DB4-B1E4-4FDF-9442-01A9ADC6FAB7}.Ad-Hoc|iPhoneSimulator.Build.0 = Release|Any CPU
		{86FD3DB4-B1E4-4FDF-9442-01A9ADC6FAB7}.Ad-Hoc|iPhoneSimulator.Deploy.0 = Release|Any CPU
		{86FD3DB4-B1E4-4FDF-9442-01A9ADC6FAB7}.Ad-Hoc|x64.ActiveCfg = Release|Any CPU
		{86FD3DB4-B1E4-4FDF-9442-01A9ADC6FAB7}.Ad-Hoc|x64.Build.0 = Release|Any CPU
		{86FD3DB4-B1E4-4FDF-9442-01A9ADC6FAB7}.Ad-Hoc|x64.Deploy.0 = Release|Any CPU
		{86FD3DB4-B1E4-4FDF-9442-01A9ADC6FAB7}.Ad-Hoc|x86.ActiveCfg = Release|Any CPU
		{86FD3DB4-B1E4-4FDF-9442-01A9ADC6FAB7}.Ad-Hoc|x86.Build.0 = Release|Any CPU
		{86FD3DB4-B1E4-4FDF-9442-01A9ADC6FAB7}.Ad-Hoc|x86.Deploy.0 = Release|Any CPU
		{86FD3DB4-B1E4-4FDF-9442-01A9ADC6FAB7}.AppStore|Any CPU.ActiveCfg = Release|Any CPU
		{86FD3DB4-B1E4-4FDF-9442-01A9ADC6FAB7}.AppStore|Any CPU.Build.0 = Release|Any CPU
		{86FD3DB4-B1E4-4FDF-9442-01A9ADC6FAB7}.AppStore|Any CPU.Deploy.0 = Release|Any CPU
		{86FD3DB4-B1E4-4FDF-9442-01A9ADC6FAB7}.AppStore|ARM.ActiveCfg = Release|Any CPU
		{86FD3DB4-B1E4-4FDF-9442-01A9ADC6FAB7}.AppStore|ARM.Build.0 = Release|Any CPU
		{86FD3DB4-B1E4-4FDF-9442-01A9ADC6FAB7}.AppStore|ARM.Deploy.0 = Release|Any CPU
		{86FD3DB4-B1E4-4FDF-9442-01A9ADC6FAB7}.AppStore|iPhone.ActiveCfg = Release|Any CPU
		{86FD3DB4-B1E4-4FDF-9442-01A9ADC6FAB7}.AppStore|iPhone.Build.0 = Release|Any CPU
		{86FD3DB4-B1E4-4FDF-9442-01A9ADC6FAB7}.AppStore|iPhone.Deploy.0 = Release|Any CPU
		{86FD3DB4-B1E4-4FDF-9442-01A9ADC6FAB7}.AppStore|iPhoneSimulator.ActiveCfg = Release|Any CPU
		{86FD3DB4-B1E4-4FDF-9442-01A9ADC6FAB7}.AppStore|iPhoneSimulator.Build.0 = Release|Any CPU
		{86FD3DB4-B1E4-4FDF-9442-01A9ADC6FAB7}.AppStore|iPhoneSimulator.Deploy.0 = Release|Any CPU
		{86FD3DB4-B1E4-4FDF-9442-01A9ADC6FAB7}.AppStore|x64.ActiveCfg = Release|Any CPU
		{86FD3DB4-B1E4-4FDF-9442-01A9ADC6FAB7}.AppStore|x64.Build.0 = Release|Any CPU
		{86FD3DB4-B1E4-4FDF-9442-01A9ADC6FAB7}.AppStore|x64.Deploy.0 = Release|Any CPU
		{86FD3DB4-B1E4-4FDF-9442-01A9ADC6FAB7}.AppStore|x86.ActiveCfg = Release|Any CPU
		{86FD3DB4-B1E4-4FDF-9442-01A9ADC6FAB7}.AppStore|x86.Build.0 = Release|Any CPU
		{86FD3DB4-B1E4-4FDF-9442-01A9ADC6FAB7}.AppStore|x86.Deploy.0 = Release|Any CPU
		{86FD3DB4-B1E4-4FDF-9442-01A9ADC6FAB7}.Debug|Any CPU.ActiveCfg = Debug|Any CPU
		{86FD3DB4-B1E4-4FDF-9442-01A9ADC6FAB7}.Debug|Any CPU.Build.0 = Debug|Any CPU
		{86FD3DB4-B1E4-4FDF-9442-01A9ADC6FAB7}.Debug|Any CPU.Deploy.0 = Debug|Any CPU
		{86FD3DB4-B1E4-4FDF-9442-01A9ADC6FAB7}.Debug|ARM.ActiveCfg = Debug|Any CPU
		{86FD3DB4-B1E4-4FDF-9442-01A9ADC6FAB7}.Debug|ARM.Build.0 = Debug|Any CPU
		{86FD3DB4-B1E4-4FDF-9442-01A9ADC6FAB7}.Debug|ARM.Deploy.0 = Debug|Any CPU
		{86FD3DB4-B1E4-4FDF-9442-01A9ADC6FAB7}.Debug|iPhone.ActiveCfg = Debug|Any CPU
		{86FD3DB4-B1E4-4FDF-9442-01A9ADC6FAB7}.Debug|iPhone.Build.0 = Debug|Any CPU
		{86FD3DB4-B1E4-4FDF-9442-01A9ADC6FAB7}.Debug|iPhone.Deploy.0 = Debug|Any CPU
		{86FD3DB4-B1E4-4FDF-9442-01A9ADC6FAB7}.Debug|iPhoneSimulator.ActiveCfg = Debug|Any CPU
		{86FD3DB4-B1E4-4FDF-9442-01A9ADC6FAB7}.Debug|iPhoneSimulator.Build.0 = Debug|Any CPU
		{86FD3DB4-B1E4-4FDF-9442-01A9ADC6FAB7}.Debug|iPhoneSimulator.Deploy.0 = Debug|Any CPU
		{86FD3DB4-B1E4-4FDF-9442-01A9ADC6FAB7}.Debug|x64.ActiveCfg = Debug|Any CPU
		{86FD3DB4-B1E4-4FDF-9442-01A9ADC6FAB7}.Debug|x64.Build.0 = Debug|Any CPU
		{86FD3DB4-B1E4-4FDF-9442-01A9ADC6FAB7}.Debug|x64.Deploy.0 = Debug|Any CPU
		{86FD3DB4-B1E4-4FDF-9442-01A9ADC6FAB7}.Debug|x86.ActiveCfg = Debug|Any CPU
		{86FD3DB4-B1E4-4FDF-9442-01A9ADC6FAB7}.Debug|x86.Build.0 = Debug|Any CPU
		{86FD3DB4-B1E4-4FDF-9442-01A9ADC6FAB7}.Debug|x86.Deploy.0 = Debug|Any CPU
		{86FD3DB4-B1E4-4FDF-9442-01A9ADC6FAB7}.Release|Any CPU.ActiveCfg = Release|Any CPU
		{86FD3DB4-B1E4-4FDF-9442-01A9ADC6FAB7}.Release|Any CPU.Build.0 = Release|Any CPU
		{86FD3DB4-B1E4-4FDF-9442-01A9ADC6FAB7}.Release|Any CPU.Deploy.0 = Release|Any CPU
		{86FD3DB4-B1E4-4FDF-9442-01A9ADC6FAB7}.Release|ARM.ActiveCfg = Release|Any CPU
		{86FD3DB4-B1E4-4FDF-9442-01A9ADC6FAB7}.Release|ARM.Build.0 = Release|Any CPU
		{86FD3DB4-B1E4-4FDF-9442-01A9ADC6FAB7}.Release|ARM.Deploy.0 = Release|Any CPU
		{86FD3DB4-B1E4-4FDF-9442-01A9ADC6FAB7}.Release|iPhone.ActiveCfg = Release|Any CPU
		{86FD3DB4-B1E4-4FDF-9442-01A9ADC6FAB7}.Release|iPhone.Build.0 = Release|Any CPU
		{86FD3DB4-B1E4-4FDF-9442-01A9ADC6FAB7}.Release|iPhone.Deploy.0 = Release|Any CPU
		{86FD3DB4-B1E4-4FDF-9442-01A9ADC6FAB7}.Release|iPhoneSimulator.ActiveCfg = Release|Any CPU
		{86FD3DB4-B1E4-4FDF-9442-01A9ADC6FAB7}.Release|iPhoneSimulator.Build.0 = Release|Any CPU
		{86FD3DB4-B1E4-4FDF-9442-01A9ADC6FAB7}.Release|iPhoneSimulator.Deploy.0 = Release|Any CPU
		{86FD3DB4-B1E4-4FDF-9442-01A9ADC6FAB7}.Release|x64.ActiveCfg = Release|Any CPU
		{86FD3DB4-B1E4-4FDF-9442-01A9ADC6FAB7}.Release|x64.Build.0 = Release|Any CPU
		{86FD3DB4-B1E4-4FDF-9442-01A9ADC6FAB7}.Release|x64.Deploy.0 = Release|Any CPU
		{86FD3DB4-B1E4-4FDF-9442-01A9ADC6FAB7}.Release|x86.ActiveCfg = Release|Any CPU
		{86FD3DB4-B1E4-4FDF-9442-01A9ADC6FAB7}.Release|x86.Build.0 = Release|Any CPU
		{86FD3DB4-B1E4-4FDF-9442-01A9ADC6FAB7}.Release|x86.Deploy.0 = Release|Any CPU
		{EE7E1D42-0BF7-4A64-A8CF-29014B444061}.Ad-Hoc|Any CPU.ActiveCfg = Ad-Hoc|iPhone
		{EE7E1D42-0BF7-4A64-A8CF-29014B444061}.Ad-Hoc|ARM.ActiveCfg = Ad-Hoc|iPhone
		{EE7E1D42-0BF7-4A64-A8CF-29014B444061}.Ad-Hoc|iPhone.ActiveCfg = Ad-Hoc|iPhone
		{EE7E1D42-0BF7-4A64-A8CF-29014B444061}.Ad-Hoc|iPhone.Build.0 = Ad-Hoc|iPhone
		{EE7E1D42-0BF7-4A64-A8CF-29014B444061}.Ad-Hoc|iPhoneSimulator.ActiveCfg = Ad-Hoc|iPhoneSimulator
		{EE7E1D42-0BF7-4A64-A8CF-29014B444061}.Ad-Hoc|iPhoneSimulator.Build.0 = Ad-Hoc|iPhoneSimulator
		{EE7E1D42-0BF7-4A64-A8CF-29014B444061}.Ad-Hoc|x64.ActiveCfg = Ad-Hoc|iPhone
		{EE7E1D42-0BF7-4A64-A8CF-29014B444061}.Ad-Hoc|x86.ActiveCfg = Ad-Hoc|iPhone
		{EE7E1D42-0BF7-4A64-A8CF-29014B444061}.AppStore|Any CPU.ActiveCfg = AppStore|iPhone
		{EE7E1D42-0BF7-4A64-A8CF-29014B444061}.AppStore|ARM.ActiveCfg = AppStore|iPhone
		{EE7E1D42-0BF7-4A64-A8CF-29014B444061}.AppStore|iPhone.ActiveCfg = AppStore|iPhone
		{EE7E1D42-0BF7-4A64-A8CF-29014B444061}.AppStore|iPhone.Build.0 = AppStore|iPhone
		{EE7E1D42-0BF7-4A64-A8CF-29014B444061}.AppStore|iPhoneSimulator.ActiveCfg = AppStore|iPhoneSimulator
		{EE7E1D42-0BF7-4A64-A8CF-29014B444061}.AppStore|iPhoneSimulator.Build.0 = AppStore|iPhoneSimulator
		{EE7E1D42-0BF7-4A64-A8CF-29014B444061}.AppStore|x64.ActiveCfg = AppStore|iPhone
		{EE7E1D42-0BF7-4A64-A8CF-29014B444061}.AppStore|x86.ActiveCfg = AppStore|iPhone
		{EE7E1D42-0BF7-4A64-A8CF-29014B444061}.Debug|Any CPU.ActiveCfg = Debug|iPhone
		{EE7E1D42-0BF7-4A64-A8CF-29014B444061}.Debug|ARM.ActiveCfg = Debug|iPhone
		{EE7E1D42-0BF7-4A64-A8CF-29014B444061}.Debug|iPhone.ActiveCfg = Debug|iPhone
		{EE7E1D42-0BF7-4A64-A8CF-29014B444061}.Debug|iPhone.Build.0 = Debug|iPhone
		{EE7E1D42-0BF7-4A64-A8CF-29014B444061}.Debug|iPhoneSimulator.ActiveCfg = Debug|iPhoneSimulator
		{EE7E1D42-0BF7-4A64-A8CF-29014B444061}.Debug|iPhoneSimulator.Build.0 = Debug|iPhoneSimulator
		{EE7E1D42-0BF7-4A64-A8CF-29014B444061}.Debug|x64.ActiveCfg = Debug|iPhone
		{EE7E1D42-0BF7-4A64-A8CF-29014B444061}.Debug|x86.ActiveCfg = Debug|iPhone
		{EE7E1D42-0BF7-4A64-A8CF-29014B444061}.Release|Any CPU.ActiveCfg = Release|iPhone
		{EE7E1D42-0BF7-4A64-A8CF-29014B444061}.Release|ARM.ActiveCfg = Release|iPhone
		{EE7E1D42-0BF7-4A64-A8CF-29014B444061}.Release|iPhone.ActiveCfg = Release|iPhone
		{EE7E1D42-0BF7-4A64-A8CF-29014B444061}.Release|iPhone.Build.0 = Release|iPhone
		{EE7E1D42-0BF7-4A64-A8CF-29014B444061}.Release|iPhoneSimulator.ActiveCfg = Release|iPhoneSimulator
		{EE7E1D42-0BF7-4A64-A8CF-29014B444061}.Release|iPhoneSimulator.Build.0 = Release|iPhoneSimulator
		{EE7E1D42-0BF7-4A64-A8CF-29014B444061}.Release|x64.ActiveCfg = Release|iPhone
		{EE7E1D42-0BF7-4A64-A8CF-29014B444061}.Release|x86.ActiveCfg = Release|iPhone
		{6348E6AE-C850-41C2-9FBD-E4A70C56D341}.Ad-Hoc|Any CPU.ActiveCfg = Release|x64
		{6348E6AE-C850-41C2-9FBD-E4A70C56D341}.Ad-Hoc|Any CPU.Build.0 = Release|x64
		{6348E6AE-C850-41C2-9FBD-E4A70C56D341}.Ad-Hoc|Any CPU.Deploy.0 = Release|x64
		{6348E6AE-C850-41C2-9FBD-E4A70C56D341}.Ad-Hoc|ARM.ActiveCfg = Release|ARM
		{6348E6AE-C850-41C2-9FBD-E4A70C56D341}.Ad-Hoc|ARM.Build.0 = Release|ARM
		{6348E6AE-C850-41C2-9FBD-E4A70C56D341}.Ad-Hoc|ARM.Deploy.0 = Release|ARM
		{6348E6AE-C850-41C2-9FBD-E4A70C56D341}.Ad-Hoc|iPhone.ActiveCfg = Release|x64
		{6348E6AE-C850-41C2-9FBD-E4A70C56D341}.Ad-Hoc|iPhone.Build.0 = Release|x64
		{6348E6AE-C850-41C2-9FBD-E4A70C56D341}.Ad-Hoc|iPhone.Deploy.0 = Release|x64
		{6348E6AE-C850-41C2-9FBD-E4A70C56D341}.Ad-Hoc|iPhoneSimulator.ActiveCfg = Release|x64
		{6348E6AE-C850-41C2-9FBD-E4A70C56D341}.Ad-Hoc|iPhoneSimulator.Build.0 = Release|x64
		{6348E6AE-C850-41C2-9FBD-E4A70C56D341}.Ad-Hoc|iPhoneSimulator.Deploy.0 = Release|x64
		{6348E6AE-C850-41C2-9FBD-E4A70C56D341}.Ad-Hoc|x64.ActiveCfg = Release|x64
		{6348E6AE-C850-41C2-9FBD-E4A70C56D341}.Ad-Hoc|x64.Build.0 = Release|x64
		{6348E6AE-C850-41C2-9FBD-E4A70C56D341}.Ad-Hoc|x64.Deploy.0 = Release|x64
		{6348E6AE-C850-41C2-9FBD-E4A70C56D341}.Ad-Hoc|x86.ActiveCfg = Release|x86
		{6348E6AE-C850-41C2-9FBD-E4A70C56D341}.Ad-Hoc|x86.Build.0 = Release|x86
		{6348E6AE-C850-41C2-9FBD-E4A70C56D341}.Ad-Hoc|x86.Deploy.0 = Release|x86
		{6348E6AE-C850-41C2-9FBD-E4A70C56D341}.AppStore|Any CPU.ActiveCfg = Release|x64
		{6348E6AE-C850-41C2-9FBD-E4A70C56D341}.AppStore|Any CPU.Build.0 = Release|x64
		{6348E6AE-C850-41C2-9FBD-E4A70C56D341}.AppStore|Any CPU.Deploy.0 = Release|x64
		{6348E6AE-C850-41C2-9FBD-E4A70C56D341}.AppStore|ARM.ActiveCfg = Release|ARM
		{6348E6AE-C850-41C2-9FBD-E4A70C56D341}.AppStore|ARM.Build.0 = Release|ARM
		{6348E6AE-C850-41C2-9FBD-E4A70C56D341}.AppStore|ARM.Deploy.0 = Release|ARM
		{6348E6AE-C850-41C2-9FBD-E4A70C56D341}.AppStore|iPhone.ActiveCfg = Release|x64
		{6348E6AE-C850-41C2-9FBD-E4A70C56D341}.AppStore|iPhone.Build.0 = Release|x64
		{6348E6AE-C850-41C2-9FBD-E4A70C56D341}.AppStore|iPhone.Deploy.0 = Release|x64
		{6348E6AE-C850-41C2-9FBD-E4A70C56D341}.AppStore|iPhoneSimulator.ActiveCfg = Release|x64
		{6348E6AE-C850-41C2-9FBD-E4A70C56D341}.AppStore|iPhoneSimulator.Build.0 = Release|x64
		{6348E6AE-C850-41C2-9FBD-E4A70C56D341}.AppStore|iPhoneSimulator.Deploy.0 = Release|x64
		{6348E6AE-C850-41C2-9FBD-E4A70C56D341}.AppStore|x64.ActiveCfg = Release|x64
		{6348E6AE-C850-41C2-9FBD-E4A70C56D341}.AppStore|x64.Build.0 = Release|x64
		{6348E6AE-C850-41C2-9FBD-E4A70C56D341}.AppStore|x64.Deploy.0 = Release|x64
		{6348E6AE-C850-41C2-9FBD-E4A70C56D341}.AppStore|x86.ActiveCfg = Release|x86
		{6348E6AE-C850-41C2-9FBD-E4A70C56D341}.AppStore|x86.Build.0 = Release|x86
		{6348E6AE-C850-41C2-9FBD-E4A70C56D341}.AppStore|x86.Deploy.0 = Release|x86
		{6348E6AE-C850-41C2-9FBD-E4A70C56D341}.Debug|Any CPU.ActiveCfg = Debug|x86
		{6348E6AE-C850-41C2-9FBD-E4A70C56D341}.Debug|ARM.ActiveCfg = Debug|ARM
		{6348E6AE-C850-41C2-9FBD-E4A70C56D341}.Debug|ARM.Build.0 = Debug|ARM
		{6348E6AE-C850-41C2-9FBD-E4A70C56D341}.Debug|ARM.Deploy.0 = Debug|ARM
		{6348E6AE-C850-41C2-9FBD-E4A70C56D341}.Debug|iPhone.ActiveCfg = Debug|x86
		{6348E6AE-C850-41C2-9FBD-E4A70C56D341}.Debug|iPhoneSimulator.ActiveCfg = Debug|x86
		{6348E6AE-C850-41C2-9FBD-E4A70C56D341}.Debug|x64.ActiveCfg = Debug|x64
		{6348E6AE-C850-41C2-9FBD-E4A70C56D341}.Debug|x64.Build.0 = Debug|x64
		{6348E6AE-C850-41C2-9FBD-E4A70C56D341}.Debug|x64.Deploy.0 = Debug|x64
		{6348E6AE-C850-41C2-9FBD-E4A70C56D341}.Debug|x86.ActiveCfg = Debug|x86
		{6348E6AE-C850-41C2-9FBD-E4A70C56D341}.Debug|x86.Build.0 = Debug|x86
		{6348E6AE-C850-41C2-9FBD-E4A70C56D341}.Debug|x86.Deploy.0 = Debug|x86
		{6348E6AE-C850-41C2-9FBD-E4A70C56D341}.Release|Any CPU.ActiveCfg = Release|x86
		{6348E6AE-C850-41C2-9FBD-E4A70C56D341}.Release|ARM.ActiveCfg = Release|ARM
		{6348E6AE-C850-41C2-9FBD-E4A70C56D341}.Release|ARM.Build.0 = Release|ARM
		{6348E6AE-C850-41C2-9FBD-E4A70C56D341}.Release|ARM.Deploy.0 = Release|ARM
		{6348E6AE-C850-41C2-9FBD-E4A70C56D341}.Release|iPhone.ActiveCfg = Release|x86
		{6348E6AE-C850-41C2-9FBD-E4A70C56D341}.Release|iPhoneSimulator.ActiveCfg = Release|x86
		{6348E6AE-C850-41C2-9FBD-E4A70C56D341}.Release|x64.ActiveCfg = Release|x64
		{6348E6AE-C850-41C2-9FBD-E4A70C56D341}.Release|x64.Build.0 = Release|x64
		{6348E6AE-C850-41C2-9FBD-E4A70C56D341}.Release|x64.Deploy.0 = Release|x64
		{6348E6AE-C850-41C2-9FBD-E4A70C56D341}.Release|x86.ActiveCfg = Release|x86
		{6348E6AE-C850-41C2-9FBD-E4A70C56D341}.Release|x86.Build.0 = Release|x86
		{6348E6AE-C850-41C2-9FBD-E4A70C56D341}.Release|x86.Deploy.0 = Release|x86
		{B19C892E-2628-4CA7-AD27-08D406A3B14B}.Ad-Hoc|Any CPU.ActiveCfg = Release|Any CPU
		{B19C892E-2628-4CA7-AD27-08D406A3B14B}.Ad-Hoc|Any CPU.Build.0 = Release|Any CPU
		{B19C892E-2628-4CA7-AD27-08D406A3B14B}.Ad-Hoc|ARM.ActiveCfg = Release|Any CPU
		{B19C892E-2628-4CA7-AD27-08D406A3B14B}.Ad-Hoc|ARM.Build.0 = Release|Any CPU
		{B19C892E-2628-4CA7-AD27-08D406A3B14B}.Ad-Hoc|iPhone.ActiveCfg = Release|Any CPU
		{B19C892E-2628-4CA7-AD27-08D406A3B14B}.Ad-Hoc|iPhone.Build.0 = Release|Any CPU
		{B19C892E-2628-4CA7-AD27-08D406A3B14B}.Ad-Hoc|iPhoneSimulator.ActiveCfg = Release|Any CPU
		{B19C892E-2628-4CA7-AD27-08D406A3B14B}.Ad-Hoc|iPhoneSimulator.Build.0 = Release|Any CPU
		{B19C892E-2628-4CA7-AD27-08D406A3B14B}.Ad-Hoc|x64.ActiveCfg = Release|Any CPU
		{B19C892E-2628-4CA7-AD27-08D406A3B14B}.Ad-Hoc|x64.Build.0 = Release|Any CPU
		{B19C892E-2628-4CA7-AD27-08D406A3B14B}.Ad-Hoc|x86.ActiveCfg = Release|Any CPU
		{B19C892E-2628-4CA7-AD27-08D406A3B14B}.Ad-Hoc|x86.Build.0 = Release|Any CPU
		{B19C892E-2628-4CA7-AD27-08D406A3B14B}.AppStore|Any CPU.ActiveCfg = Release|Any CPU
		{B19C892E-2628-4CA7-AD27-08D406A3B14B}.AppStore|Any CPU.Build.0 = Release|Any CPU
		{B19C892E-2628-4CA7-AD27-08D406A3B14B}.AppStore|ARM.ActiveCfg = Release|Any CPU
		{B19C892E-2628-4CA7-AD27-08D406A3B14B}.AppStore|ARM.Build.0 = Release|Any CPU
		{B19C892E-2628-4CA7-AD27-08D406A3B14B}.AppStore|iPhone.ActiveCfg = Release|Any CPU
		{B19C892E-2628-4CA7-AD27-08D406A3B14B}.AppStore|iPhone.Build.0 = Release|Any CPU
		{B19C892E-2628-4CA7-AD27-08D406A3B14B}.AppStore|iPhoneSimulator.ActiveCfg = Release|Any CPU
		{B19C892E-2628-4CA7-AD27-08D406A3B14B}.AppStore|iPhoneSimulator.Build.0 = Release|Any CPU
		{B19C892E-2628-4CA7-AD27-08D406A3B14B}.AppStore|x64.ActiveCfg = Release|Any CPU
		{B19C892E-2628-4CA7-AD27-08D406A3B14B}.AppStore|x64.Build.0 = Release|Any CPU
		{B19C892E-2628-4CA7-AD27-08D406A3B14B}.AppStore|x86.ActiveCfg = Release|Any CPU
		{B19C892E-2628-4CA7-AD27-08D406A3B14B}.AppStore|x86.Build.0 = Release|Any CPU
		{B19C892E-2628-4CA7-AD27-08D406A3B14B}.Debug|Any CPU.ActiveCfg = Debug|Any CPU
		{B19C892E-2628-4CA7-AD27-08D406A3B14B}.Debug|Any CPU.Build.0 = Debug|Any CPU
		{B19C892E-2628-4CA7-AD27-08D406A3B14B}.Debug|ARM.ActiveCfg = Debug|Any CPU
		{B19C892E-2628-4CA7-AD27-08D406A3B14B}.Debug|ARM.Build.0 = Debug|Any CPU
		{B19C892E-2628-4CA7-AD27-08D406A3B14B}.Debug|iPhone.ActiveCfg = Debug|Any CPU
		{B19C892E-2628-4CA7-AD27-08D406A3B14B}.Debug|iPhone.Build.0 = Debug|Any CPU
		{B19C892E-2628-4CA7-AD27-08D406A3B14B}.Debug|iPhoneSimulator.ActiveCfg = Debug|Any CPU
		{B19C892E-2628-4CA7-AD27-08D406A3B14B}.Debug|iPhoneSimulator.Build.0 = Debug|Any CPU
		{B19C892E-2628-4CA7-AD27-08D406A3B14B}.Debug|x64.ActiveCfg = Debug|Any CPU
		{B19C892E-2628-4CA7-AD27-08D406A3B14B}.Debug|x64.Build.0 = Debug|Any CPU
		{B19C892E-2628-4CA7-AD27-08D406A3B14B}.Debug|x86.ActiveCfg = Debug|Any CPU
		{B19C892E-2628-4CA7-AD27-08D406A3B14B}.Debug|x86.Build.0 = Debug|Any CPU
		{B19C892E-2628-4CA7-AD27-08D406A3B14B}.Release|Any CPU.ActiveCfg = Release|Any CPU
		{B19C892E-2628-4CA7-AD27-08D406A3B14B}.Release|Any CPU.Build.0 = Release|Any CPU
		{B19C892E-2628-4CA7-AD27-08D406A3B14B}.Release|ARM.ActiveCfg = Release|Any CPU
		{B19C892E-2628-4CA7-AD27-08D406A3B14B}.Release|ARM.Build.0 = Release|Any CPU
		{B19C892E-2628-4CA7-AD27-08D406A3B14B}.Release|iPhone.ActiveCfg = Release|Any CPU
		{B19C892E-2628-4CA7-AD27-08D406A3B14B}.Release|iPhone.Build.0 = Release|Any CPU
		{B19C892E-2628-4CA7-AD27-08D406A3B14B}.Release|iPhoneSimulator.ActiveCfg = Release|Any CPU
		{B19C892E-2628-4CA7-AD27-08D406A3B14B}.Release|iPhoneSimulator.Build.0 = Release|Any CPU
		{B19C892E-2628-4CA7-AD27-08D406A3B14B}.Release|x64.ActiveCfg = Release|Any CPU
		{B19C892E-2628-4CA7-AD27-08D406A3B14B}.Release|x64.Build.0 = Release|Any CPU
		{B19C892E-2628-4CA7-AD27-08D406A3B14B}.Release|x86.ActiveCfg = Release|Any CPU
		{B19C892E-2628-4CA7-AD27-08D406A3B14B}.Release|x86.Build.0 = Release|Any CPU
		{A9334B6C-C495-497C-87D0-23D2DADF3414}.Ad-Hoc|Any CPU.ActiveCfg = Release|Any CPU
		{A9334B6C-C495-497C-87D0-23D2DADF3414}.Ad-Hoc|Any CPU.Build.0 = Release|Any CPU
		{A9334B6C-C495-497C-87D0-23D2DADF3414}.Ad-Hoc|ARM.ActiveCfg = Release|Any CPU
		{A9334B6C-C495-497C-87D0-23D2DADF3414}.Ad-Hoc|ARM.Build.0 = Release|Any CPU
		{A9334B6C-C495-497C-87D0-23D2DADF3414}.Ad-Hoc|iPhone.ActiveCfg = Release|Any CPU
		{A9334B6C-C495-497C-87D0-23D2DADF3414}.Ad-Hoc|iPhone.Build.0 = Release|Any CPU
		{A9334B6C-C495-497C-87D0-23D2DADF3414}.Ad-Hoc|iPhoneSimulator.ActiveCfg = Release|Any CPU
		{A9334B6C-C495-497C-87D0-23D2DADF3414}.Ad-Hoc|iPhoneSimulator.Build.0 = Release|Any CPU
		{A9334B6C-C495-497C-87D0-23D2DADF3414}.Ad-Hoc|x64.ActiveCfg = Release|Any CPU
		{A9334B6C-C495-497C-87D0-23D2DADF3414}.Ad-Hoc|x64.Build.0 = Release|Any CPU
		{A9334B6C-C495-497C-87D0-23D2DADF3414}.Ad-Hoc|x86.ActiveCfg = Release|Any CPU
		{A9334B6C-C495-497C-87D0-23D2DADF3414}.Ad-Hoc|x86.Build.0 = Release|Any CPU
		{A9334B6C-C495-497C-87D0-23D2DADF3414}.AppStore|Any CPU.ActiveCfg = Release|Any CPU
		{A9334B6C-C495-497C-87D0-23D2DADF3414}.AppStore|Any CPU.Build.0 = Release|Any CPU
		{A9334B6C-C495-497C-87D0-23D2DADF3414}.AppStore|ARM.ActiveCfg = Release|Any CPU
		{A9334B6C-C495-497C-87D0-23D2DADF3414}.AppStore|ARM.Build.0 = Release|Any CPU
		{A9334B6C-C495-497C-87D0-23D2DADF3414}.AppStore|iPhone.ActiveCfg = Release|Any CPU
		{A9334B6C-C495-497C-87D0-23D2DADF3414}.AppStore|iPhone.Build.0 = Release|Any CPU
		{A9334B6C-C495-497C-87D0-23D2DADF3414}.AppStore|iPhoneSimulator.ActiveCfg = Release|Any CPU
		{A9334B6C-C495-497C-87D0-23D2DADF3414}.AppStore|iPhoneSimulator.Build.0 = Release|Any CPU
		{A9334B6C-C495-497C-87D0-23D2DADF3414}.AppStore|x64.ActiveCfg = Release|Any CPU
		{A9334B6C-C495-497C-87D0-23D2DADF3414}.AppStore|x64.Build.0 = Release|Any CPU
		{A9334B6C-C495-497C-87D0-23D2DADF3414}.AppStore|x86.ActiveCfg = Release|Any CPU
		{A9334B6C-C495-497C-87D0-23D2DADF3414}.AppStore|x86.Build.0 = Release|Any CPU
		{A9334B6C-C495-497C-87D0-23D2DADF3414}.Debug|Any CPU.ActiveCfg = Debug|Any CPU
		{A9334B6C-C495-497C-87D0-23D2DADF3414}.Debug|Any CPU.Build.0 = Debug|Any CPU
		{A9334B6C-C495-497C-87D0-23D2DADF3414}.Debug|ARM.ActiveCfg = Debug|Any CPU
		{A9334B6C-C495-497C-87D0-23D2DADF3414}.Debug|ARM.Build.0 = Debug|Any CPU
		{A9334B6C-C495-497C-87D0-23D2DADF3414}.Debug|iPhone.ActiveCfg = Debug|Any CPU
		{A9334B6C-C495-497C-87D0-23D2DADF3414}.Debug|iPhone.Build.0 = Debug|Any CPU
		{A9334B6C-C495-497C-87D0-23D2DADF3414}.Debug|iPhoneSimulator.ActiveCfg = Debug|Any CPU
		{A9334B6C-C495-497C-87D0-23D2DADF3414}.Debug|iPhoneSimulator.Build.0 = Debug|Any CPU
		{A9334B6C-C495-497C-87D0-23D2DADF3414}.Debug|x64.ActiveCfg = Debug|Any CPU
		{A9334B6C-C495-497C-87D0-23D2DADF3414}.Debug|x64.Build.0 = Debug|Any CPU
		{A9334B6C-C495-497C-87D0-23D2DADF3414}.Debug|x86.ActiveCfg = Debug|Any CPU
		{A9334B6C-C495-497C-87D0-23D2DADF3414}.Debug|x86.Build.0 = Debug|Any CPU
		{A9334B6C-C495-497C-87D0-23D2DADF3414}.Release|Any CPU.ActiveCfg = Release|Any CPU
		{A9334B6C-C495-497C-87D0-23D2DADF3414}.Release|Any CPU.Build.0 = Release|Any CPU
		{A9334B6C-C495-497C-87D0-23D2DADF3414}.Release|ARM.ActiveCfg = Release|Any CPU
		{A9334B6C-C495-497C-87D0-23D2DADF3414}.Release|ARM.Build.0 = Release|Any CPU
		{A9334B6C-C495-497C-87D0-23D2DADF3414}.Release|iPhone.ActiveCfg = Release|Any CPU
		{A9334B6C-C495-497C-87D0-23D2DADF3414}.Release|iPhone.Build.0 = Release|Any CPU
		{A9334B6C-C495-497C-87D0-23D2DADF3414}.Release|iPhoneSimulator.ActiveCfg = Release|Any CPU
		{A9334B6C-C495-497C-87D0-23D2DADF3414}.Release|iPhoneSimulator.Build.0 = Release|Any CPU
		{A9334B6C-C495-497C-87D0-23D2DADF3414}.Release|x64.ActiveCfg = Release|Any CPU
		{A9334B6C-C495-497C-87D0-23D2DADF3414}.Release|x64.Build.0 = Release|Any CPU
		{A9334B6C-C495-497C-87D0-23D2DADF3414}.Release|x86.ActiveCfg = Release|Any CPU
		{A9334B6C-C495-497C-87D0-23D2DADF3414}.Release|x86.Build.0 = Release|Any CPU
		{2E27E94F-BF09-40DB-B624-5447A96204B6}.Ad-Hoc|Any CPU.ActiveCfg = Release|Any CPU
		{2E27E94F-BF09-40DB-B624-5447A96204B6}.Ad-Hoc|Any CPU.Build.0 = Release|Any CPU
		{2E27E94F-BF09-40DB-B624-5447A96204B6}.Ad-Hoc|ARM.ActiveCfg = Release|Any CPU
		{2E27E94F-BF09-40DB-B624-5447A96204B6}.Ad-Hoc|ARM.Build.0 = Release|Any CPU
		{2E27E94F-BF09-40DB-B624-5447A96204B6}.Ad-Hoc|iPhone.ActiveCfg = Release|Any CPU
		{2E27E94F-BF09-40DB-B624-5447A96204B6}.Ad-Hoc|iPhone.Build.0 = Release|Any CPU
		{2E27E94F-BF09-40DB-B624-5447A96204B6}.Ad-Hoc|iPhoneSimulator.ActiveCfg = Release|Any CPU
		{2E27E94F-BF09-40DB-B624-5447A96204B6}.Ad-Hoc|iPhoneSimulator.Build.0 = Release|Any CPU
		{2E27E94F-BF09-40DB-B624-5447A96204B6}.Ad-Hoc|x64.ActiveCfg = Release|Any CPU
		{2E27E94F-BF09-40DB-B624-5447A96204B6}.Ad-Hoc|x64.Build.0 = Release|Any CPU
		{2E27E94F-BF09-40DB-B624-5447A96204B6}.Ad-Hoc|x86.ActiveCfg = Release|Any CPU
		{2E27E94F-BF09-40DB-B624-5447A96204B6}.Ad-Hoc|x86.Build.0 = Release|Any CPU
		{2E27E94F-BF09-40DB-B624-5447A96204B6}.AppStore|Any CPU.ActiveCfg = Release|Any CPU
		{2E27E94F-BF09-40DB-B624-5447A96204B6}.AppStore|Any CPU.Build.0 = Release|Any CPU
		{2E27E94F-BF09-40DB-B624-5447A96204B6}.AppStore|ARM.ActiveCfg = Release|Any CPU
		{2E27E94F-BF09-40DB-B624-5447A96204B6}.AppStore|ARM.Build.0 = Release|Any CPU
		{2E27E94F-BF09-40DB-B624-5447A96204B6}.AppStore|iPhone.ActiveCfg = Release|Any CPU
		{2E27E94F-BF09-40DB-B624-5447A96204B6}.AppStore|iPhone.Build.0 = Release|Any CPU
		{2E27E94F-BF09-40DB-B624-5447A96204B6}.AppStore|iPhoneSimulator.ActiveCfg = Release|Any CPU
		{2E27E94F-BF09-40DB-B624-5447A96204B6}.AppStore|iPhoneSimulator.Build.0 = Release|Any CPU
		{2E27E94F-BF09-40DB-B624-5447A96204B6}.AppStore|x64.ActiveCfg = Release|Any CPU
		{2E27E94F-BF09-40DB-B624-5447A96204B6}.AppStore|x64.Build.0 = Release|Any CPU
		{2E27E94F-BF09-40DB-B624-5447A96204B6}.AppStore|x86.ActiveCfg = Release|Any CPU
		{2E27E94F-BF09-40DB-B624-5447A96204B6}.AppStore|x86.Build.0 = Release|Any CPU
		{2E27E94F-BF09-40DB-B624-5447A96204B6}.Debug|Any CPU.ActiveCfg = Debug|Any CPU
		{2E27E94F-BF09-40DB-B624-5447A96204B6}.Debug|Any CPU.Build.0 = Debug|Any CPU
		{2E27E94F-BF09-40DB-B624-5447A96204B6}.Debug|ARM.ActiveCfg = Debug|Any CPU
		{2E27E94F-BF09-40DB-B624-5447A96204B6}.Debug|ARM.Build.0 = Debug|Any CPU
		{2E27E94F-BF09-40DB-B624-5447A96204B6}.Debug|iPhone.ActiveCfg = Debug|Any CPU
		{2E27E94F-BF09-40DB-B624-5447A96204B6}.Debug|iPhone.Build.0 = Debug|Any CPU
		{2E27E94F-BF09-40DB-B624-5447A96204B6}.Debug|iPhoneSimulator.ActiveCfg = Debug|Any CPU
		{2E27E94F-BF09-40DB-B624-5447A96204B6}.Debug|iPhoneSimulator.Build.0 = Debug|Any CPU
		{2E27E94F-BF09-40DB-B624-5447A96204B6}.Debug|x64.ActiveCfg = Debug|Any CPU
		{2E27E94F-BF09-40DB-B624-5447A96204B6}.Debug|x64.Build.0 = Debug|Any CPU
		{2E27E94F-BF09-40DB-B624-5447A96204B6}.Debug|x86.ActiveCfg = Debug|Any CPU
		{2E27E94F-BF09-40DB-B624-5447A96204B6}.Debug|x86.Build.0 = Debug|Any CPU
		{2E27E94F-BF09-40DB-B624-5447A96204B6}.Release|Any CPU.ActiveCfg = Release|Any CPU
		{2E27E94F-BF09-40DB-B624-5447A96204B6}.Release|Any CPU.Build.0 = Release|Any CPU
		{2E27E94F-BF09-40DB-B624-5447A96204B6}.Release|ARM.ActiveCfg = Release|Any CPU
		{2E27E94F-BF09-40DB-B624-5447A96204B6}.Release|ARM.Build.0 = Release|Any CPU
		{2E27E94F-BF09-40DB-B624-5447A96204B6}.Release|iPhone.ActiveCfg = Release|Any CPU
		{2E27E94F-BF09-40DB-B624-5447A96204B6}.Release|iPhone.Build.0 = Release|Any CPU
		{2E27E94F-BF09-40DB-B624-5447A96204B6}.Release|iPhoneSimulator.ActiveCfg = Release|Any CPU
		{2E27E94F-BF09-40DB-B624-5447A96204B6}.Release|iPhoneSimulator.Build.0 = Release|Any CPU
		{2E27E94F-BF09-40DB-B624-5447A96204B6}.Release|x64.ActiveCfg = Release|Any CPU
		{2E27E94F-BF09-40DB-B624-5447A96204B6}.Release|x64.Build.0 = Release|Any CPU
		{2E27E94F-BF09-40DB-B624-5447A96204B6}.Release|x86.ActiveCfg = Release|Any CPU
		{2E27E94F-BF09-40DB-B624-5447A96204B6}.Release|x86.Build.0 = Release|Any CPU
	EndGlobalSection
	GlobalSection(SolutionProperties) = preSolution
		HideSolutionNode = FALSE
	EndGlobalSection
	GlobalSection(ExtensibilityGlobals) = postSolution
		SolutionGuid = {32F2FC5F-9740-4529-83E9-EA90A0704FF5}
	EndGlobalSection
EndGlobal
