
Microsoft Visual Studio Solution File, Format Version 12.00
# Visual Studio 15
VisualStudioVersion = 15.0.27703.2026
MinimumVisualStudioVersion = 10.0.40219.1
Project("{FAE04EC0-301F-11D3-BF4B-00C04F79EFBC}") = "DiplomaticCore", "ConsoleApp1\DiplomaticCore.csproj", "{81224382-7B18-441F-9C7E-CC7CEBD114D7}"
EndProject
Project("{FAE04EC0-301F-11D3-BF4B-00C04F79EFBC}") = "Diplomatic.Android", "Diplomatic\Diplomatic.Android\Diplomatic.Android.csproj", "{86FD3DB4-B1E4-4FDF-9442-01A9ADC6FAB7}"
EndProject
Project("{FAE04EC0-301F-11D3-BF4B-00C04F79EFBC}") = "Diplomatic.iOS", "Diplomatic\Diplomatic.iOS\Diplomatic.iOS.csproj", "{EE7E1D42-0BF7-4A64-A8CF-29014B444061}"
EndProject
Project("{FAE04EC0-301F-11D3-BF4B-00C04F79EFBC}") = "Diplomatic", "Diplomatic\Diplomatic\Diplomatic.csproj", "{053C1999-BE70-4FBC-9725-E16FC09DB55D}"
EndProject
Global
	GlobalSection(SolutionConfigurationPlatforms) = preSolution
		Ad-Hoc|Any CPU = Ad-Hoc|Any CPU
		Ad-Hoc|iPhone = Ad-Hoc|iPhone
		Ad-Hoc|iPhoneSimulator = Ad-Hoc|iPhoneSimulator
		AppStore|Any CPU = AppStore|Any CPU
		AppStore|iPhone = AppStore|iPhone
		AppStore|iPhoneSimulator = AppStore|iPhoneSimulator
		Debug|Any CPU = Debug|Any CPU
		Debug|iPhone = Debug|iPhone
		Debug|iPhoneSimulator = Debug|iPhoneSimulator
		Release|Any CPU = Release|Any CPU
		Release|iPhone = Release|iPhone
		Release|iPhoneSimulator = Release|iPhoneSimulator
	EndGlobalSection
	GlobalSection(ProjectConfigurationPlatforms) = postSolution
		{81224382-7B18-441F-9C7E-CC7CEBD114D7}.Ad-Hoc|Any CPU.ActiveCfg = Release|Any CPU
		{81224382-7B18-441F-9C7E-CC7CEBD114D7}.Ad-Hoc|Any CPU.Build.0 = Release|Any CPU
		{81224382-7B18-441F-9C7E-CC7CEBD114D7}.Ad-Hoc|iPhone.ActiveCfg = Release|Any CPU
		{81224382-7B18-441F-9C7E-CC7CEBD114D7}.Ad-Hoc|iPhone.Build.0 = Release|Any CPU
		{81224382-7B18-441F-9C7E-CC7CEBD114D7}.Ad-Hoc|iPhoneSimulator.ActiveCfg = Release|Any CPU
		{81224382-7B18-441F-9C7E-CC7CEBD114D7}.Ad-Hoc|iPhoneSimulator.Build.0 = Release|Any CPU
		{81224382-7B18-441F-9C7E-CC7CEBD114D7}.AppStore|Any CPU.ActiveCfg = Release|Any CPU
		{81224382-7B18-441F-9C7E-CC7CEBD114D7}.AppStore|Any CPU.Build.0 = Release|Any CPU
		{81224382-7B18-441F-9C7E-CC7CEBD114D7}.AppStore|iPhone.ActiveCfg = Release|Any CPU
		{81224382-7B18-441F-9C7E-CC7CEBD114D7}.AppStore|iPhone.Build.0 = Release|Any CPU
		{81224382-7B18-441F-9C7E-CC7CEBD114D7}.AppStore|iPhoneSimulator.ActiveCfg = Release|Any CPU
		{81224382-7B18-441F-9C7E-CC7CEBD114D7}.AppStore|iPhoneSimulator.Build.0 = Release|Any CPU
		{81224382-7B18-441F-9C7E-CC7CEBD114D7}.Debug|Any CPU.ActiveCfg = Debug|Any CPU
		{81224382-7B18-441F-9C7E-CC7CEBD114D7}.Debug|Any CPU.Build.0 = Debug|Any CPU
		{81224382-7B18-441F-9C7E-CC7CEBD114D7}.Debug|iPhone.ActiveCfg = Debug|Any CPU
		{81224382-7B18-441F-9C7E-CC7CEBD114D7}.Debug|iPhone.Build.0 = Debug|Any CPU
		{81224382-7B18-441F-9C7E-CC7CEBD114D7}.Debug|iPhoneSimulator.ActiveCfg = Debug|Any CPU
		{81224382-7B18-441F-9C7E-CC7CEBD114D7}.Debug|iPhoneSimulator.Build.0 = Debug|Any CPU
		{81224382-7B18-441F-9C7E-CC7CEBD114D7}.Release|Any CPU.ActiveCfg = Release|Any CPU
		{81224382-7B18-441F-9C7E-CC7CEBD114D7}.Release|Any CPU.Build.0 = Release|Any CPU
		{81224382-7B18-441F-9C7E-CC7CEBD114D7}.Release|iPhone.ActiveCfg = Release|Any CPU
		{81224382-7B18-441F-9C7E-CC7CEBD114D7}.Release|iPhone.Build.0 = Release|Any CPU
		{81224382-7B18-441F-9C7E-CC7CEBD114D7}.Release|iPhoneSimulator.ActiveCfg = Release|Any CPU
		{81224382-7B18-441F-9C7E-CC7CEBD114D7}.Release|iPhoneSimulator.Build.0 = Release|Any CPU
		{86FD3DB4-B1E4-4FDF-9442-01A9ADC6FAB7}.Ad-Hoc|Any CPU.ActiveCfg = Release|Any CPU
		{86FD3DB4-B1E4-4FDF-9442-01A9ADC6FAB7}.Ad-Hoc|Any CPU.Build.0 = Release|Any CPU
		{86FD3DB4-B1E4-4FDF-9442-01A9ADC6FAB7}.Ad-Hoc|Any CPU.Deploy.0 = Release|Any CPU
		{86FD3DB4-B1E4-4FDF-9442-01A9ADC6FAB7}.Ad-Hoc|iPhone.ActiveCfg = Release|Any CPU
		{86FD3DB4-B1E4-4FDF-9442-01A9ADC6FAB7}.Ad-Hoc|iPhone.Build.0 = Release|Any CPU
		{86FD3DB4-B1E4-4FDF-9442-01A9ADC6FAB7}.Ad-Hoc|iPhone.Deploy.0 = Release|Any CPU
		{86FD3DB4-B1E4-4FDF-9442-01A9ADC6FAB7}.Ad-Hoc|iPhoneSimulator.ActiveCfg = Release|Any CPU
		{86FD3DB4-B1E4-4FDF-9442-01A9ADC6FAB7}.Ad-Hoc|iPhoneSimulator.Build.0 = Release|Any CPU
		{86FD3DB4-B1E4-4FDF-9442-01A9ADC6FAB7}.Ad-Hoc|iPhoneSimulator.Deploy.0 = Release|Any CPU
		{86FD3DB4-B1E4-4FDF-9442-01A9ADC6FAB7}.AppStore|Any CPU.ActiveCfg = Release|Any CPU
		{86FD3DB4-B1E4-4FDF-9442-01A9ADC6FAB7}.AppStore|Any CPU.Build.0 = Release|Any CPU
		{86FD3DB4-B1E4-4FDF-9442-01A9ADC6FAB7}.AppStore|Any CPU.Deploy.0 = Release|Any CPU
		{86FD3DB4-B1E4-4FDF-9442-01A9ADC6FAB7}.AppStore|iPhone.ActiveCfg = Release|Any CPU
		{86FD3DB4-B1E4-4FDF-9442-01A9ADC6FAB7}.AppStore|iPhone.Build.0 = Release|Any CPU
		{86FD3DB4-B1E4-4FDF-9442-01A9ADC6FAB7}.AppStore|iPhone.Deploy.0 = Release|Any CPU
		{86FD3DB4-B1E4-4FDF-9442-01A9ADC6FAB7}.AppStore|iPhoneSimulator.ActiveCfg = Release|Any CPU
		{86FD3DB4-B1E4-4FDF-9442-01A9ADC6FAB7}.AppStore|iPhoneSimulator.Build.0 = Release|Any CPU
		{86FD3DB4-B1E4-4FDF-9442-01A9ADC6FAB7}.AppStore|iPhoneSimulator.Deploy.0 = Release|Any CPU
		{86FD3DB4-B1E4-4FDF-9442-01A9ADC6FAB7}.Debug|Any CPU.ActiveCfg = Debug|Any CPU
		{86FD3DB4-B1E4-4FDF-9442-01A9ADC6FAB7}.Debug|Any CPU.Build.0 = Debug|Any CPU
		{86FD3DB4-B1E4-4FDF-9442-01A9ADC6FAB7}.Debug|Any CPU.Deploy.0 = Debug|Any CPU
		{86FD3DB4-B1E4-4FDF-9442-01A9ADC6FAB7}.Debug|iPhone.ActiveCfg = Debug|Any CPU
		{86FD3DB4-B1E4-4FDF-9442-01A9ADC6FAB7}.Debug|iPhone.Build.0 = Debug|Any CPU
		{86FD3DB4-B1E4-4FDF-9442-01A9ADC6FAB7}.Debug|iPhone.Deploy.0 = Debug|Any CPU
		{86FD3DB4-B1E4-4FDF-9442-01A9ADC6FAB7}.Debug|iPhoneSimulator.ActiveCfg = Debug|Any CPU
		{86FD3DB4-B1E4-4FDF-9442-01A9ADC6FAB7}.Debug|iPhoneSimulator.Build.0 = Debug|Any CPU
		{86FD3DB4-B1E4-4FDF-9442-01A9ADC6FAB7}.Debug|iPhoneSimulator.Deploy.0 = Debug|Any CPU
		{86FD3DB4-B1E4-4FDF-9442-01A9ADC6FAB7}.Release|Any CPU.ActiveCfg = Release|Any CPU
		{86FD3DB4-B1E4-4FDF-9442-01A9ADC6FAB7}.Release|Any CPU.Build.0 = Release|Any CPU
		{86FD3DB4-B1E4-4FDF-9442-01A9ADC6FAB7}.Release|Any CPU.Deploy.0 = Release|Any CPU
		{86FD3DB4-B1E4-4FDF-9442-01A9ADC6FAB7}.Release|iPhone.ActiveCfg = Release|Any CPU
		{86FD3DB4-B1E4-4FDF-9442-01A9ADC6FAB7}.Release|iPhone.Build.0 = Release|Any CPU
		{86FD3DB4-B1E4-4FDF-9442-01A9ADC6FAB7}.Release|iPhone.Deploy.0 = Release|Any CPU
		{86FD3DB4-B1E4-4FDF-9442-01A9ADC6FAB7}.Release|iPhoneSimulator.ActiveCfg = Release|Any CPU
		{86FD3DB4-B1E4-4FDF-9442-01A9ADC6FAB7}.Release|iPhoneSimulator.Build.0 = Release|Any CPU
		{86FD3DB4-B1E4-4FDF-9442-01A9ADC6FAB7}.Release|iPhoneSimulator.Deploy.0 = Release|Any CPU
		{EE7E1D42-0BF7-4A64-A8CF-29014B444061}.Ad-Hoc|Any CPU.ActiveCfg = Ad-Hoc|iPhone
		{EE7E1D42-0BF7-4A64-A8CF-29014B444061}.Ad-Hoc|iPhone.ActiveCfg = Ad-Hoc|iPhone
		{EE7E1D42-0BF7-4A64-A8CF-29014B444061}.Ad-Hoc|iPhone.Build.0 = Ad-Hoc|iPhone
		{EE7E1D42-0BF7-4A64-A8CF-29014B444061}.Ad-Hoc|iPhoneSimulator.ActiveCfg = Ad-Hoc|iPhoneSimulator
		{EE7E1D42-0BF7-4A64-A8CF-29014B444061}.Ad-Hoc|iPhoneSimulator.Build.0 = Ad-Hoc|iPhoneSimulator
		{EE7E1D42-0BF7-4A64-A8CF-29014B444061}.AppStore|Any CPU.ActiveCfg = AppStore|iPhone
		{EE7E1D42-0BF7-4A64-A8CF-29014B444061}.AppStore|iPhone.ActiveCfg = AppStore|iPhone
		{EE7E1D42-0BF7-4A64-A8CF-29014B444061}.AppStore|iPhone.Build.0 = AppStore|iPhone
		{EE7E1D42-0BF7-4A64-A8CF-29014B444061}.AppStore|iPhoneSimulator.ActiveCfg = AppStore|iPhoneSimulator
		{EE7E1D42-0BF7-4A64-A8CF-29014B444061}.AppStore|iPhoneSimulator.Build.0 = AppStore|iPhoneSimulator
		{EE7E1D42-0BF7-4A64-A8CF-29014B444061}.Debug|Any CPU.ActiveCfg = Debug|iPhone
		{EE7E1D42-0BF7-4A64-A8CF-29014B444061}.Debug|iPhone.ActiveCfg = Debug|iPhone
		{EE7E1D42-0BF7-4A64-A8CF-29014B444061}.Debug|iPhone.Build.0 = Debug|iPhone
		{EE7E1D42-0BF7-4A64-A8CF-29014B444061}.Debug|iPhoneSimulator.ActiveCfg = Debug|iPhoneSimulator
		{EE7E1D42-0BF7-4A64-A8CF-29014B444061}.Debug|iPhoneSimulator.Build.0 = Debug|iPhoneSimulator
		{EE7E1D42-0BF7-4A64-A8CF-29014B444061}.Release|Any CPU.ActiveCfg = Release|iPhone
		{EE7E1D42-0BF7-4A64-A8CF-29014B444061}.Release|iPhone.ActiveCfg = Release|iPhone
		{EE7E1D42-0BF7-4A64-A8CF-29014B444061}.Release|iPhone.Build.0 = Release|iPhone
		{EE7E1D42-0BF7-4A64-A8CF-29014B444061}.Release|iPhoneSimulator.ActiveCfg = Release|iPhoneSimulator
		{EE7E1D42-0BF7-4A64-A8CF-29014B444061}.Release|iPhoneSimulator.Build.0 = Release|iPhoneSimulator
		{053C1999-BE70-4FBC-9725-E16FC09DB55D}.Ad-Hoc|Any CPU.ActiveCfg = Debug|Any CPU
		{053C1999-BE70-4FBC-9725-E16FC09DB55D}.Ad-Hoc|Any CPU.Build.0 = Debug|Any CPU
		{053C1999-BE70-4FBC-9725-E16FC09DB55D}.Ad-Hoc|iPhone.ActiveCfg = Debug|Any CPU
		{053C1999-BE70-4FBC-9725-E16FC09DB55D}.Ad-Hoc|iPhone.Build.0 = Debug|Any CPU
		{053C1999-BE70-4FBC-9725-E16FC09DB55D}.Ad-Hoc|iPhoneSimulator.ActiveCfg = Debug|Any CPU
		{053C1999-BE70-4FBC-9725-E16FC09DB55D}.Ad-Hoc|iPhoneSimulator.Build.0 = Debug|Any CPU
		{053C1999-BE70-4FBC-9725-E16FC09DB55D}.AppStore|Any CPU.ActiveCfg = Debug|Any CPU
		{053C1999-BE70-4FBC-9725-E16FC09DB55D}.AppStore|Any CPU.Build.0 = Debug|Any CPU
		{053C1999-BE70-4FBC-9725-E16FC09DB55D}.AppStore|iPhone.ActiveCfg = Debug|Any CPU
		{053C1999-BE70-4FBC-9725-E16FC09DB55D}.AppStore|iPhone.Build.0 = Debug|Any CPU
		{053C1999-BE70-4FBC-9725-E16FC09DB55D}.AppStore|iPhoneSimulator.ActiveCfg = Debug|Any CPU
		{053C1999-BE70-4FBC-9725-E16FC09DB55D}.AppStore|iPhoneSimulator.Build.0 = Debug|Any CPU
		{053C1999-BE70-4FBC-9725-E16FC09DB55D}.Debug|Any CPU.ActiveCfg = Debug|Any CPU
		{053C1999-BE70-4FBC-9725-E16FC09DB55D}.Debug|Any CPU.Build.0 = Debug|Any CPU
		{053C1999-BE70-4FBC-9725-E16FC09DB55D}.Debug|iPhone.ActiveCfg = Debug|Any CPU
		{053C1999-BE70-4FBC-9725-E16FC09DB55D}.Debug|iPhone.Build.0 = Debug|Any CPU
		{053C1999-BE70-4FBC-9725-E16FC09DB55D}.Debug|iPhoneSimulator.ActiveCfg = Debug|Any CPU
		{053C1999-BE70-4FBC-9725-E16FC09DB55D}.Debug|iPhoneSimulator.Build.0 = Debug|Any CPU
		{053C1999-BE70-4FBC-9725-E16FC09DB55D}.Release|Any CPU.ActiveCfg = Release|Any CPU
		{053C1999-BE70-4FBC-9725-E16FC09DB55D}.Release|Any CPU.Build.0 = Release|Any CPU
		{053C1999-BE70-4FBC-9725-E16FC09DB55D}.Release|iPhone.ActiveCfg = Release|Any CPU
		{053C1999-BE70-4FBC-9725-E16FC09DB55D}.Release|iPhone.Build.0 = Release|Any CPU
		{053C1999-BE70-4FBC-9725-E16FC09DB55D}.Release|iPhoneSimulator.ActiveCfg = Release|Any CPU
		{053C1999-BE70-4FBC-9725-E16FC09DB55D}.Release|iPhoneSimulator.Build.0 = Release|Any CPU
	EndGlobalSection
	GlobalSection(SolutionProperties) = preSolution
		HideSolutionNode = FALSE
	EndGlobalSection
	GlobalSection(ExtensibilityGlobals) = postSolution
		SolutionGuid = {32F2FC5F-9740-4529-83E9-EA90A0704FF5}
	EndGlobalSection
EndGlobal
